// !$*UTF8*$!
{
	archiveVersion = 1;
	classes = {
	};
	objectVersion = 46;
	objects = {

/* Begin PBXBuildFile section */
		1E7514417BC7D337134167FB /* libPods-Chitra Vichitra.a in Frameworks */ = {isa = PBXBuildFile; fileRef = 90A2BD3574879A62249E1386 /* libPods-Chitra Vichitra.a */; };
		2BA05B611ECD73CF00DEB0F9 /* FrameCVCell.m in Sources */ = {isa = PBXBuildFile; fileRef = 2BA05B601ECD73CF00DEB0F9 /* FrameCVCell.m */; };
		2BA05B671ECD81A600DEB0F9 /* mask.png in Resources */ = {isa = PBXBuildFile; fileRef = 2BA05B631ECD81A600DEB0F9 /* mask.png */; };
		2BA05B681ECD81A600DEB0F9 /* WID-small.jpg in Resources */ = {isa = PBXBuildFile; fileRef = 2BA05B641ECD81A600DEB0F9 /* WID-small.jpg */; };
		2BA05B691ECD81A600DEB0F9 /* CustomFilter.fsh in Resources */ = {isa = PBXBuildFile; fileRef = 2BA05B661ECD81A600DEB0F9 /* CustomFilter.fsh */; };
		2BA05B6D1ECDC5F700DEB0F9 /* CaptureImageVC.m in Sources */ = {isa = PBXBuildFile; fileRef = 2BA05B6C1ECDC5F700DEB0F9 /* CaptureImageVC.m */; };
		2BEBA3001EC5A9C70037DD56 /* main.m in Sources */ = {isa = PBXBuildFile; fileRef = 2BEBA2FF1EC5A9C70037DD56 /* main.m */; };
		2BEBA3031EC5A9C70037DD56 /* AppDelegate.m in Sources */ = {isa = PBXBuildFile; fileRef = 2BEBA3021EC5A9C70037DD56 /* AppDelegate.m */; };
		2BEBA3091EC5A9C70037DD56 /* Main.storyboard in Resources */ = {isa = PBXBuildFile; fileRef = 2BEBA3071EC5A9C70037DD56 /* Main.storyboard */; };
		2BEBA30B1EC5A9C70037DD56 /* Assets.xcassets in Resources */ = {isa = PBXBuildFile; fileRef = 2BEBA30A1EC5A9C70037DD56 /* Assets.xcassets */; };
		2BEBA30E1EC5A9C70037DD56 /* LaunchScreen.storyboard in Resources */ = {isa = PBXBuildFile; fileRef = 2BEBA30C1EC5A9C70037DD56 /* LaunchScreen.storyboard */; };
		2BEBA31D1EC5AA8A0037DD56 /* CameraVC.m in Sources */ = {isa = PBXBuildFile; fileRef = 2BEBA31A1EC5AA8A0037DD56 /* CameraVC.m */; };
		2BEBA31E1EC5AA8A0037DD56 /* ViewController.m in Sources */ = {isa = PBXBuildFile; fileRef = 2BEBA31C1EC5AA8A0037DD56 /* ViewController.m */; };
		DE33E72F1ED35D1C0005EB0E /* GoogleService-Info.plist in Resources */ = {isa = PBXBuildFile; fileRef = DE33E72E1ED35D1C0005EB0E /* GoogleService-Info.plist */; };
/* End PBXBuildFile section */

/* Begin PBXFileReference section */
		2BA05B5F1ECD73CF00DEB0F9 /* FrameCVCell.h */ = {isa = PBXFileReference; fileEncoding = 4; lastKnownFileType = sourcecode.c.h; path = FrameCVCell.h; sourceTree = "<group>"; };
		2BA05B601ECD73CF00DEB0F9 /* FrameCVCell.m */ = {isa = PBXFileReference; fileEncoding = 4; lastKnownFileType = sourcecode.c.objc; path = FrameCVCell.m; sourceTree = "<group>"; };
		2BA05B631ECD81A600DEB0F9 /* mask.png */ = {isa = PBXFileReference; lastKnownFileType = image.png; path = mask.png; sourceTree = "<group>"; };
		2BA05B641ECD81A600DEB0F9 /* WID-small.jpg */ = {isa = PBXFileReference; lastKnownFileType = image.jpeg; path = "WID-small.jpg"; sourceTree = "<group>"; };
		2BA05B661ECD81A600DEB0F9 /* CustomFilter.fsh */ = {isa = PBXFileReference; fileEncoding = 4; lastKnownFileType = sourcecode.glsl; path = CustomFilter.fsh; sourceTree = "<group>"; };
		2BA05B6B1ECDC5F700DEB0F9 /* CaptureImageVC.h */ = {isa = PBXFileReference; fileEncoding = 4; lastKnownFileType = sourcecode.c.h; path = CaptureImageVC.h; sourceTree = "<group>"; };
		2BA05B6C1ECDC5F700DEB0F9 /* CaptureImageVC.m */ = {isa = PBXFileReference; fileEncoding = 4; lastKnownFileType = sourcecode.c.objc; path = CaptureImageVC.m; sourceTree = "<group>"; };
		2BEBA2FB1EC5A9C70037DD56 /* Chitra Vichitra.app */ = {isa = PBXFileReference; explicitFileType = wrapper.application; includeInIndex = 0; path = "Chitra Vichitra.app"; sourceTree = BUILT_PRODUCTS_DIR; };
		2BEBA2FF1EC5A9C70037DD56 /* main.m */ = {isa = PBXFileReference; lastKnownFileType = sourcecode.c.objc; path = main.m; sourceTree = "<group>"; };
		2BEBA3011EC5A9C70037DD56 /* AppDelegate.h */ = {isa = PBXFileReference; lastKnownFileType = sourcecode.c.h; path = AppDelegate.h; sourceTree = "<group>"; };
		2BEBA3021EC5A9C70037DD56 /* AppDelegate.m */ = {isa = PBXFileReference; lastKnownFileType = sourcecode.c.objc; path = AppDelegate.m; sourceTree = "<group>"; };
		2BEBA3081EC5A9C70037DD56 /* Base */ = {isa = PBXFileReference; lastKnownFileType = file.storyboard; name = Base; path = Base.lproj/Main.storyboard; sourceTree = "<group>"; };
		2BEBA30A1EC5A9C70037DD56 /* Assets.xcassets */ = {isa = PBXFileReference; lastKnownFileType = folder.assetcatalog; path = Assets.xcassets; sourceTree = "<group>"; };
		2BEBA30D1EC5A9C70037DD56 /* Base */ = {isa = PBXFileReference; lastKnownFileType = file.storyboard; name = Base; path = Base.lproj/LaunchScreen.storyboard; sourceTree = "<group>"; };
		2BEBA30F1EC5A9C70037DD56 /* Info.plist */ = {isa = PBXFileReference; lastKnownFileType = text.plist.xml; path = Info.plist; sourceTree = "<group>"; };
		2BEBA3191EC5AA8A0037DD56 /* CameraVC.h */ = {isa = PBXFileReference; fileEncoding = 4; lastKnownFileType = sourcecode.c.h; path = CameraVC.h; sourceTree = "<group>"; };
		2BEBA31A1EC5AA8A0037DD56 /* CameraVC.m */ = {isa = PBXFileReference; fileEncoding = 4; lastKnownFileType = sourcecode.c.objc; path = CameraVC.m; sourceTree = "<group>"; };
		2BEBA31B1EC5AA8A0037DD56 /* ViewController.h */ = {isa = PBXFileReference; fileEncoding = 4; lastKnownFileType = sourcecode.c.h; path = ViewController.h; sourceTree = "<group>"; };
		2BEBA31C1EC5AA8A0037DD56 /* ViewController.m */ = {isa = PBXFileReference; fileEncoding = 4; lastKnownFileType = sourcecode.c.objc; path = ViewController.m; sourceTree = "<group>"; };
		90A2BD3574879A62249E1386 /* libPods-Chitra Vichitra.a */ = {isa = PBXFileReference; explicitFileType = archive.ar; includeInIndex = 0; path = "libPods-Chitra Vichitra.a"; sourceTree = BUILT_PRODUCTS_DIR; };
		B084A5759235D805FDE3C279 /* Pods-Chitra Vichitra.debug.xcconfig */ = {isa = PBXFileReference; includeInIndex = 1; lastKnownFileType = text.xcconfig; name = "Pods-Chitra Vichitra.debug.xcconfig"; path = "Pods/Target Support Files/Pods-Chitra Vichitra/Pods-Chitra Vichitra.debug.xcconfig"; sourceTree = "<group>"; };
		DE33E72E1ED35D1C0005EB0E /* GoogleService-Info.plist */ = {isa = PBXFileReference; fileEncoding = 4; lastKnownFileType = text.plist.xml; name = "GoogleService-Info.plist"; path = "Google File/GoogleService-Info.plist"; sourceTree = "<group>"; };
		FC2235BF14F5DD95A943900F /* Pods-Chitra Vichitra.release.xcconfig */ = {isa = PBXFileReference; includeInIndex = 1; lastKnownFileType = text.xcconfig; name = "Pods-Chitra Vichitra.release.xcconfig"; path = "Pods/Target Support Files/Pods-Chitra Vichitra/Pods-Chitra Vichitra.release.xcconfig"; sourceTree = "<group>"; };
/* End PBXFileReference section */

/* Begin PBXFrameworksBuildPhase section */
		2BEBA2F81EC5A9C70037DD56 /* Frameworks */ = {
			isa = PBXFrameworksBuildPhase;
			buildActionMask = 2147483647;
			files = (
				1E7514417BC7D337134167FB /* libPods-Chitra Vichitra.a in Frameworks */,
			);
			runOnlyForDeploymentPostprocessing = 0;
		};
/* End PBXFrameworksBuildPhase section */

/* Begin PBXGroup section */
		2BA05B5E1ECD72B500DEB0F9 /* CustomView */ = {
			isa = PBXGroup;
			children = (
				2BA05B5F1ECD73CF00DEB0F9 /* FrameCVCell.h */,
				2BA05B601ECD73CF00DEB0F9 /* FrameCVCell.m */,
			);
			path = CustomView;
			sourceTree = "<group>";
		};
		2BA05B621ECD81A600DEB0F9 /* assets */ = {
			isa = PBXGroup;
			children = (
				2BA05B631ECD81A600DEB0F9 /* mask.png */,
				2BA05B641ECD81A600DEB0F9 /* WID-small.jpg */,
			);
			path = assets;
			sourceTree = "<group>";
		};
		2BA05B651ECD81A600DEB0F9 /* files */ = {
			isa = PBXGroup;
			children = (
				2BA05B661ECD81A600DEB0F9 /* CustomFilter.fsh */,
			);
			path = files;
			sourceTree = "<group>";
		};
		2BEBA2F21EC5A9C70037DD56 = {
			isa = PBXGroup;
			children = (
				2BEBA2FD1EC5A9C70037DD56 /* Chitra Vichitra */,
				2BEBA2FC1EC5A9C70037DD56 /* Products */,
				CE0C0B6F513A8356030E9ACC /* Pods */,
				9B1B941343F0FDDE03E23C30 /* Frameworks */,
			);
			sourceTree = "<group>";
		};
		2BEBA2FC1EC5A9C70037DD56 /* Products */ = {
			isa = PBXGroup;
			children = (
				2BEBA2FB1EC5A9C70037DD56 /* Chitra Vichitra.app */,
			);
			name = Products;
			sourceTree = "<group>";
		};
		2BEBA2FD1EC5A9C70037DD56 /* Chitra Vichitra */ = {
			isa = PBXGroup;
			children = (
				DE33E72E1ED35D1C0005EB0E /* GoogleService-Info.plist */,
				2BA05B621ECD81A600DEB0F9 /* assets */,
				2BA05B651ECD81A600DEB0F9 /* files */,
				2BA05B5E1ECD72B500DEB0F9 /* CustomView */,
				2BEBA3181EC5AA8A0037DD56 /* VC */,
				2BEBA3011EC5A9C70037DD56 /* AppDelegate.h */,
				2BEBA3021EC5A9C70037DD56 /* AppDelegate.m */,
				2BEBA3071EC5A9C70037DD56 /* Main.storyboard */,
				2BEBA30A1EC5A9C70037DD56 /* Assets.xcassets */,
				2BEBA30C1EC5A9C70037DD56 /* LaunchScreen.storyboard */,
				2BEBA30F1EC5A9C70037DD56 /* Info.plist */,
				2BEBA2FE1EC5A9C70037DD56 /* Supporting Files */,
			);
			path = "Chitra Vichitra";
			sourceTree = "<group>";
		};
		2BEBA2FE1EC5A9C70037DD56 /* Supporting Files */ = {
			isa = PBXGroup;
			children = (
				2BEBA2FF1EC5A9C70037DD56 /* main.m */,
			);
			name = "Supporting Files";
			sourceTree = "<group>";
		};
		2BEBA3181EC5AA8A0037DD56 /* VC */ = {
			isa = PBXGroup;
			children = (
				2BEBA3191EC5AA8A0037DD56 /* CameraVC.h */,
				2BEBA31A1EC5AA8A0037DD56 /* CameraVC.m */,
				2BEBA31B1EC5AA8A0037DD56 /* ViewController.h */,
				2BEBA31C1EC5AA8A0037DD56 /* ViewController.m */,
				2BA05B6B1ECDC5F700DEB0F9 /* CaptureImageVC.h */,
				2BA05B6C1ECDC5F700DEB0F9 /* CaptureImageVC.m */,
			);
			path = VC;
			sourceTree = "<group>";
		};
		9B1B941343F0FDDE03E23C30 /* Frameworks */ = {
			isa = PBXGroup;
			children = (
				90A2BD3574879A62249E1386 /* libPods-Chitra Vichitra.a */,
			);
			name = Frameworks;
			sourceTree = "<group>";
		};
		CE0C0B6F513A8356030E9ACC /* Pods */ = {
			isa = PBXGroup;
			children = (
				B084A5759235D805FDE3C279 /* Pods-Chitra Vichitra.debug.xcconfig */,
				FC2235BF14F5DD95A943900F /* Pods-Chitra Vichitra.release.xcconfig */,
			);
			name = Pods;
			sourceTree = "<group>";
		};
/* End PBXGroup section */

/* Begin PBXNativeTarget section */
		2BEBA2FA1EC5A9C70037DD56 /* Chitra Vichitra */ = {
			isa = PBXNativeTarget;
			buildConfigurationList = 2BEBA3121EC5A9C70037DD56 /* Build configuration list for PBXNativeTarget "Chitra Vichitra" */;
			buildPhases = (
				1F30E1C0E0C2E98A704D7D1F /* [CP] Check Pods Manifest.lock */,
				2BEBA2F71EC5A9C70037DD56 /* Sources */,
				2BEBA2F81EC5A9C70037DD56 /* Frameworks */,
				2BEBA2F91EC5A9C70037DD56 /* Resources */,
				50B7FD2EC562F6613F2DD1A0 /* [CP] Embed Pods Frameworks */,
				B38EB510CF9C1F9D058E8142 /* [CP] Copy Pods Resources */,
			);
			buildRules = (
			);
			dependencies = (
			);
			name = "Chitra Vichitra";
			productName = "Chitra Vichitra";
			productReference = 2BEBA2FB1EC5A9C70037DD56 /* Chitra Vichitra.app */;
			productType = "com.apple.product-type.application";
		};
/* End PBXNativeTarget section */

/* Begin PBXProject section */
		2BEBA2F31EC5A9C70037DD56 /* Project object */ = {
			isa = PBXProject;
			attributes = {
				LastUpgradeCheck = 0830;
				ORGANIZATIONNAME = builtbyblank;
				TargetAttributes = {
					2BEBA2FA1EC5A9C70037DD56 = {
						CreatedOnToolsVersion = 8.3.2;
						DevelopmentTeam = GXTXWHR532;
						ProvisioningStyle = Automatic;
					};
				};
			};
			buildConfigurationList = 2BEBA2F61EC5A9C70037DD56 /* Build configuration list for PBXProject "Chitra Vichitra" */;
			compatibilityVersion = "Xcode 3.2";
			developmentRegion = English;
			hasScannedForEncodings = 0;
			knownRegions = (
				en,
				Base,
			);
			mainGroup = 2BEBA2F21EC5A9C70037DD56;
			productRefGroup = 2BEBA2FC1EC5A9C70037DD56 /* Products */;
			projectDirPath = "";
			projectRoot = "";
			targets = (
				2BEBA2FA1EC5A9C70037DD56 /* Chitra Vichitra */,
			);
		};
/* End PBXProject section */

/* Begin PBXResourcesBuildPhase section */
		2BEBA2F91EC5A9C70037DD56 /* Resources */ = {
			isa = PBXResourcesBuildPhase;
			buildActionMask = 2147483647;
			files = (
				2BA05B691ECD81A600DEB0F9 /* CustomFilter.fsh in Resources */,
				2BEBA30E1EC5A9C70037DD56 /* LaunchScreen.storyboard in Resources */,
				2BEBA30B1EC5A9C70037DD56 /* Assets.xcassets in Resources */,
				2BEBA3091EC5A9C70037DD56 /* Main.storyboard in Resources */,
				2BA05B671ECD81A600DEB0F9 /* mask.png in Resources */,
				2BA05B681ECD81A600DEB0F9 /* WID-small.jpg in Resources */,
				DE33E72F1ED35D1C0005EB0E /* GoogleService-Info.plist in Resources */,
			);
			runOnlyForDeploymentPostprocessing = 0;
		};
/* End PBXResourcesBuildPhase section */

/* Begin PBXShellScriptBuildPhase section */
		1F30E1C0E0C2E98A704D7D1F /* [CP] Check Pods Manifest.lock */ = {
			isa = PBXShellScriptBuildPhase;
			buildActionMask = 2147483647;
			files = (
			);
			inputPaths = (
			);
			name = "[CP] Check Pods Manifest.lock";
			outputPaths = (
			);
			runOnlyForDeploymentPostprocessing = 0;
			shellPath = /bin/sh;
			shellScript = "diff \"${PODS_ROOT}/../Podfile.lock\" \"${PODS_ROOT}/Manifest.lock\" > /dev/null\nif [ $? != 0 ] ; then\n    # print error to STDERR\n    echo \"error: The sandbox is not in sync with the Podfile.lock. Run 'pod install' or update your CocoaPods installation.\" >&2\n    exit 1\nfi\n";
			showEnvVarsInLog = 0;
		};
		50B7FD2EC562F6613F2DD1A0 /* [CP] Embed Pods Frameworks */ = {
			isa = PBXShellScriptBuildPhase;
			buildActionMask = 2147483647;
			files = (
			);
			inputPaths = (
			);
			name = "[CP] Embed Pods Frameworks";
			outputPaths = (
			);
			runOnlyForDeploymentPostprocessing = 0;
			shellPath = /bin/sh;
			shellScript = "\"${SRCROOT}/Pods/Target Support Files/Pods-Chitra Vichitra/Pods-Chitra Vichitra-frameworks.sh\"\n";
			showEnvVarsInLog = 0;
		};
		B38EB510CF9C1F9D058E8142 /* [CP] Copy Pods Resources */ = {
			isa = PBXShellScriptBuildPhase;
			buildActionMask = 2147483647;
			files = (
			);
			inputPaths = (
			);
			name = "[CP] Copy Pods Resources";
			outputPaths = (
			);
			runOnlyForDeploymentPostprocessing = 0;
			shellPath = /bin/sh;
			shellScript = "\"${SRCROOT}/Pods/Target Support Files/Pods-Chitra Vichitra/Pods-Chitra Vichitra-resources.sh\"\n";
			showEnvVarsInLog = 0;
		};
/* End PBXShellScriptBuildPhase section */

/* Begin PBXSourcesBuildPhase section */
		2BEBA2F71EC5A9C70037DD56 /* Sources */ = {
			isa = PBXSourcesBuildPhase;
			buildActionMask = 2147483647;
			files = (
				2BEBA31E1EC5AA8A0037DD56 /* ViewController.m in Sources */,
				2BA05B6D1ECDC5F700DEB0F9 /* CaptureImageVC.m in Sources */,
				2BA05B611ECD73CF00DEB0F9 /* FrameCVCell.m in Sources */,
				2BEBA3031EC5A9C70037DD56 /* AppDelegate.m in Sources */,
				2BEBA31D1EC5AA8A0037DD56 /* CameraVC.m in Sources */,
				2BEBA3001EC5A9C70037DD56 /* main.m in Sources */,
			);
			runOnlyForDeploymentPostprocessing = 0;
		};
/* End PBXSourcesBuildPhase section */

/* Begin PBXVariantGroup section */
		2BEBA3071EC5A9C70037DD56 /* Main.storyboard */ = {
			isa = PBXVariantGroup;
			children = (
				2BEBA3081EC5A9C70037DD56 /* Base */,
			);
			name = Main.storyboard;
			sourceTree = "<group>";
		};
		2BEBA30C1EC5A9C70037DD56 /* LaunchScreen.storyboard */ = {
			isa = PBXVariantGroup;
			children = (
				2BEBA30D1EC5A9C70037DD56 /* Base */,
			);
			name = LaunchScreen.storyboard;
			sourceTree = "<group>";
		};
/* End PBXVariantGroup section */

/* Begin XCBuildConfiguration section */
		2BEBA3101EC5A9C70037DD56 /* Debug */ = {
			isa = XCBuildConfiguration;
			buildSettings = {
				ALWAYS_SEARCH_USER_PATHS = NO;
				CLANG_ANALYZER_NONNULL = YES;
				CLANG_ANALYZER_NUMBER_OBJECT_CONVERSION = YES_AGGRESSIVE;
				CLANG_CXX_LANGUAGE_STANDARD = "gnu++0x";
				CLANG_CXX_LIBRARY = "libc++";
				CLANG_ENABLE_MODULES = YES;
				CLANG_ENABLE_OBJC_ARC = YES;
				CLANG_WARN_BOOL_CONVERSION = YES;
				CLANG_WARN_CONSTANT_CONVERSION = YES;
				CLANG_WARN_DIRECT_OBJC_ISA_USAGE = YES_ERROR;
				CLANG_WARN_DOCUMENTATION_COMMENTS = YES;
				CLANG_WARN_EMPTY_BODY = YES;
				CLANG_WARN_ENUM_CONVERSION = YES;
				CLANG_WARN_INFINITE_RECURSION = YES;
				CLANG_WARN_INT_CONVERSION = YES;
				CLANG_WARN_OBJC_ROOT_CLASS = YES_ERROR;
				CLANG_WARN_SUSPICIOUS_MOVE = YES;
				CLANG_WARN_UNREACHABLE_CODE = YES;
				CLANG_WARN__DUPLICATE_METHOD_MATCH = YES;
				"CODE_SIGN_IDENTITY[sdk=iphoneos*]" = "iPhone Developer";
				COPY_PHASE_STRIP = NO;
				DEBUG_INFORMATION_FORMAT = dwarf;
				ENABLE_STRICT_OBJC_MSGSEND = YES;
				ENABLE_TESTABILITY = YES;
				GCC_C_LANGUAGE_STANDARD = gnu99;
				GCC_DYNAMIC_NO_PIC = NO;
				GCC_NO_COMMON_BLOCKS = YES;
				GCC_OPTIMIZATION_LEVEL = 0;
				GCC_PREPROCESSOR_DEFINITIONS = (
					"DEBUG=1",
					"$(inherited)",
				);
				GCC_WARN_64_TO_32_BIT_CONVERSION = YES;
				GCC_WARN_ABOUT_RETURN_TYPE = YES_ERROR;
				GCC_WARN_UNDECLARED_SELECTOR = YES;
				GCC_WARN_UNINITIALIZED_AUTOS = YES_AGGRESSIVE;
				GCC_WARN_UNUSED_FUNCTION = YES;
				GCC_WARN_UNUSED_VARIABLE = YES;
				IPHONEOS_DEPLOYMENT_TARGET = 10.3;
				MTL_ENABLE_DEBUG_INFO = YES;
				ONLY_ACTIVE_ARCH = YES;
				SDKROOT = iphoneos;
				TARGETED_DEVICE_FAMILY = "1,2";
			};
			name = Debug;
		};
		2BEBA3111EC5A9C70037DD56 /* Release */ = {
			isa = XCBuildConfiguration;
			buildSettings = {
				ALWAYS_SEARCH_USER_PATHS = NO;
				CLANG_ANALYZER_NONNULL = YES;
				CLANG_ANALYZER_NUMBER_OBJECT_CONVERSION = YES_AGGRESSIVE;
				CLANG_CXX_LANGUAGE_STANDARD = "gnu++0x";
				CLANG_CXX_LIBRARY = "libc++";
				CLANG_ENABLE_MODULES = YES;
				CLANG_ENABLE_OBJC_ARC = YES;
				CLANG_WARN_BOOL_CONVERSION = YES;
				CLANG_WARN_CONSTANT_CONVERSION = YES;
				CLANG_WARN_DIRECT_OBJC_ISA_USAGE = YES_ERROR;
				CLANG_WARN_DOCUMENTATION_COMMENTS = YES;
				CLANG_WARN_EMPTY_BODY = YES;
				CLANG_WARN_ENUM_CONVERSION = YES;
				CLANG_WARN_INFINITE_RECURSION = YES;
				CLANG_WARN_INT_CONVERSION = YES;
				CLANG_WARN_OBJC_ROOT_CLASS = YES_ERROR;
				CLANG_WARN_SUSPICIOUS_MOVE = YES;
				CLANG_WARN_UNREACHABLE_CODE = YES;
				CLANG_WARN__DUPLICATE_METHOD_MATCH = YES;
				"CODE_SIGN_IDENTITY[sdk=iphoneos*]" = "iPhone Developer";
				COPY_PHASE_STRIP = NO;
				DEBUG_INFORMATION_FORMAT = "dwarf-with-dsym";
				ENABLE_NS_ASSERTIONS = NO;
				ENABLE_STRICT_OBJC_MSGSEND = YES;
				GCC_C_LANGUAGE_STANDARD = gnu99;
				GCC_NO_COMMON_BLOCKS = YES;
				GCC_WARN_64_TO_32_BIT_CONVERSION = YES;
				GCC_WARN_ABOUT_RETURN_TYPE = YES_ERROR;
				GCC_WARN_UNDECLARED_SELECTOR = YES;
				GCC_WARN_UNINITIALIZED_AUTOS = YES_AGGRESSIVE;
				GCC_WARN_UNUSED_FUNCTION = YES;
				GCC_WARN_UNUSED_VARIABLE = YES;
				IPHONEOS_DEPLOYMENT_TARGET = 10.3;
				MTL_ENABLE_DEBUG_INFO = NO;
				SDKROOT = iphoneos;
				TARGETED_DEVICE_FAMILY = "1,2";
				VALIDATE_PRODUCT = YES;
			};
			name = Release;
		};
		2BEBA3131EC5A9C70037DD56 /* Debug */ = {
			isa = XCBuildConfiguration;
			baseConfigurationReference = B084A5759235D805FDE3C279 /* Pods-Chitra Vichitra.debug.xcconfig */;
			buildSettings = {
				ASSETCATALOG_COMPILER_APPICON_NAME = AppIcon;
				"CODE_SIGN_IDENTITY[sdk=iphoneos*]" = "iPhone Developer";
				DEVELOPMENT_TEAM = GXTXWHR532;
				INFOPLIST_FILE = "Chitra Vichitra/Info.plist";
				LD_RUNPATH_SEARCH_PATHS = "$(inherited) @executable_path/Frameworks";
				PRODUCT_BUNDLE_IDENTIFIER = "com.builtbyblank.Chitra-Vichitra";
				PRODUCT_NAME = "$(TARGET_NAME)";
				PROVISIONING_PROFILE_SPECIFIER = "";
			};
			name = Debug;
		};
		2BEBA3141EC5A9C70037DD56 /* Release */ = {
			isa = XCBuildConfiguration;
			baseConfigurationReference = FC2235BF14F5DD95A943900F /* Pods-Chitra Vichitra.release.xcconfig */;
			buildSettings = {
				ASSETCATALOG_COMPILER_APPICON_NAME = AppIcon;
				"CODE_SIGN_IDENTITY[sdk=iphoneos*]" = "iPhone Developer";
				DEVELOPMENT_TEAM = GXTXWHR532;
				INFOPLIST_FILE = "Chitra Vichitra/Info.plist";
				LD_RUNPATH_SEARCH_PATHS = "$(inherited) @executable_path/Frameworks";
				PRODUCT_BUNDLE_IDENTIFIER = "com.builtbyblank.Chitra-Vichitra";
				PRODUCT_NAME = "$(TARGET_NAME)";
				PROVISIONING_PROFILE_SPECIFIER = "";
			};
			name = Release;
		};
/* End XCBuildConfiguration section */

/* Begin XCConfigurationList section */
		2BEBA2F61EC5A9C70037DD56 /* Build configuration list for PBXProject "Chitra Vichitra" */ = {
			isa = XCConfigurationList;
			buildConfigurations = (
				2BEBA3101EC5A9C70037DD56 /* Debug */,
				2BEBA3111EC5A9C70037DD56 /* Release */,
			);
			defaultConfigurationIsVisible = 0;
			defaultConfigurationName = Release;
		};
		2BEBA3121EC5A9C70037DD56 /* Build configuration list for PBXNativeTarget "Chitra Vichitra" */ = {
			isa = XCConfigurationList;
			buildConfigurations = (
				2BEBA3131EC5A9C70037DD56 /* Debug */,
				2BEBA3141EC5A9C70037DD56 /* Release */,
			);
			defaultConfigurationIsVisible = 0;
			defaultConfigurationName = Release;
		};
/* End XCConfigurationList section */
	};
	rootObject = 2BEBA2F31EC5A9C70037DD56 /* Project object */;
}
